{
  "name": "demos",
  "version": "1.0.0",
  "lockfileVersion": 1,
  "requires": true,
  "dependencies": {
    "h5-datepicker": {
      "version": "1.0.1",
      "resolved": "http://192.168.1.205:4873/h5-datepicker/-/h5-datepicker-1.0.1.tgz",
      "integrity": "sha512-c6OVyk9rxbIG0idezI6A2uJfn3MaHwPzrdM+89fOGcU0zz3Nt55bEEiKYyROb3cmYkVfXciwY4sZS4uxYnRCkg=="
    }
  }
}
